github.com/gammazero/deque v0.2.1 h1:qSdsbG6pgp6nL7A0+K/B7s12mcCY/5l5SIUpMOl+dC0=
github.com/gammazero/deque v0.2.1/go.mod h1:LFroj8x4cMYCukHJDbxFCkT+r9AndaJnFMuZDV34tuU=
github.com/gammazero/radixtree v0.3.2 h1:odtcCJrTsKHFyRe8TaWgeaZRkdfw9kXUdGwwz3JQpZQ=
github.com/gammazero/radixtree v0.3.2/go.mod h1:c6Uh4VNzN+8tZliyqYJwu5Oy0+nrbKELb7Nyr3Mp9i0=
